
Microsoft Visual Studio Solution File, Format Version 12.00
# Visual Studio Version 17
VisualStudioVersion = 17.10.35122.118
MinimumVisualStudioVersion = 10.0.40219.1
Project("{FAE04EC0-301F-11D3-BF4B-00C04F79EFBC}") = "MosadAPIServer", "MosadAPIServer.csproj", "{72A855A0-83FD-40F9-958A-74509CF36918}"
EndProject
Global
	GlobalSection(SolutionConfigurationPlatforms) = preSolution
		Debug|Any CPU = Debug|Any CPU
		Release|Any CPU = Release|Any CPU
	EndGlobalSection
	GlobalSection(ProjectConfigurationPlatforms) = postSolution
		{72A855A0-83FD-40F9-958A-74509CF36918}.Debug|Any CPU.ActiveCfg = Debug|Any CPU
		{72A855A0-83FD-40F9-958A-74509CF36918}.Debug|Any CPU.Build.0 = Debug|Any CPU
		{72A855A0-83FD-40F9-958A-74509CF36918}.Release|Any CPU.ActiveCfg = Release|Any CPU
		{72A855A0-83FD-40F9-958A-74509CF36918}.Release|Any CPU.Build.0 = Release|Any CPU
	EndGlobalSection
	GlobalSection(SolutionProperties) = preSolution
		HideSolutionNode = FALSE
	EndGlobalSection
	GlobalSection(ExtensibilityGlobals) = postSolution
		SolutionGuid = {B769212F-2AAE-4EA6-9C41-2924465BDCC1}
	EndGlobalSection
EndGlobal
